
Microsoft Visual Studio Solution File, Format Version 12.00
# Visual Studio Version 17
VisualStudioVersion = 17.14.36408.4
MinimumVisualStudioVersion = 10.0.40219.1
Project("{FAE04EC0-301F-11D3-BF4B-00C04F79EFBC}") = "Acadv25JArch", "Acadv25JArch\Acadv25JArch.csproj", "{BBC2A2B0-933E-46B6-AEF0-8DB9A44A0D24}"
EndProject
Project("{FAE04EC0-301F-11D3-BF4B-00C04F79EFBC}") = "AAA", "AAA\AAA.csproj", "{75C8CA52-5A44-4F70-921D-099F731E229E}"
EndProject
Project("{FAE04EC0-301F-11D3-BF4B-00C04F79EFBC}") = "DiskSerialChecker", "DiskSerialChecker\DiskSerialChecker.csproj", "{C7D1D6FB-C235-42F6-AEE6-BAEE37344BB4}"
EndProject
Global
	GlobalSection(SolutionConfigurationPlatforms) = preSolution
		Debug|Any CPU = Debug|Any CPU
		Debug|x64 = Debug|x64
		Release|Any CPU = Release|Any CPU
		Release|x64 = Release|x64
	EndGlobalSection
	GlobalSection(ProjectConfigurationPlatforms) = postSolution
		{BBC2A2B0-933E-46B6-AEF0-8DB9A44A0D24}.Debug|Any CPU.ActiveCfg = Debug|Any CPU
		{BBC2A2B0-933E-46B6-AEF0-8DB9A44A0D24}.Debug|Any CPU.Build.0 = Debug|Any CPU
		{BBC2A2B0-933E-46B6-AEF0-8DB9A44A0D24}.Debug|x64.ActiveCfg = Debug|x64
		{BBC2A2B0-933E-46B6-AEF0-8DB9A44A0D24}.Debug|x64.Build.0 = Debug|x64
		{BBC2A2B0-933E-46B6-AEF0-8DB9A44A0D24}.Release|Any CPU.ActiveCfg = Release|Any CPU
		{BBC2A2B0-933E-46B6-AEF0-8DB9A44A0D24}.Release|Any CPU.Build.0 = Release|Any CPU
		{BBC2A2B0-933E-46B6-AEF0-8DB9A44A0D24}.Release|x64.ActiveCfg = Release|x64
		{BBC2A2B0-933E-46B6-AEF0-8DB9A44A0D24}.Release|x64.Build.0 = Release|x64
		{75C8CA52-5A44-4F70-921D-099F731E229E}.Debug|Any CPU.ActiveCfg = Debug|Any CPU
		{75C8CA52-5A44-4F70-921D-099F731E229E}.Debug|Any CPU.Build.0 = Debug|Any CPU
		{75C8CA52-5A44-4F70-921D-099F731E229E}.Debug|x64.ActiveCfg = Debug|Any CPU
		{75C8CA52-5A44-4F70-921D-099F731E229E}.Debug|x64.Build.0 = Debug|Any CPU
		{75C8CA52-5A44-4F70-921D-099F731E229E}.Release|Any CPU.ActiveCfg = Release|Any CPU
		{75C8CA52-5A44-4F70-921D-099F731E229E}.Release|Any CPU.Build.0 = Release|Any CPU
		{75C8CA52-5A44-4F70-921D-099F731E229E}.Release|x64.ActiveCfg = Release|Any CPU
		{75C8CA52-5A44-4F70-921D-099F731E229E}.Release|x64.Build.0 = Release|Any CPU
		{C7D1D6FB-C235-42F6-AEE6-BAEE37344BB4}.Debug|Any CPU.ActiveCfg = Debug|Any CPU
		{C7D1D6FB-C235-42F6-AEE6-BAEE37344BB4}.Debug|Any CPU.Build.0 = Debug|Any CPU
		{C7D1D6FB-C235-42F6-AEE6-BAEE37344BB4}.Debug|x64.ActiveCfg = Debug|Any CPU
		{C7D1D6FB-C235-42F6-AEE6-BAEE37344BB4}.Debug|x64.Build.0 = Debug|Any CPU
		{C7D1D6FB-C235-42F6-AEE6-BAEE37344BB4}.Release|Any CPU.ActiveCfg = Release|Any CPU
		{C7D1D6FB-C235-42F6-AEE6-BAEE37344BB4}.Release|Any CPU.Build.0 = Release|Any CPU
		{C7D1D6FB-C235-42F6-AEE6-BAEE37344BB4}.Release|x64.ActiveCfg = Release|Any CPU
		{C7D1D6FB-C235-42F6-AEE6-BAEE37344BB4}.Release|x64.Build.0 = Release|Any CPU
	EndGlobalSection
	GlobalSection(SolutionProperties) = preSolution
		HideSolutionNode = FALSE
	EndGlobalSection
	GlobalSection(ExtensibilityGlobals) = postSolution
		SolutionGuid = {38ED80CC-F18E-4950-9E56-D769C8C00D03}
	EndGlobalSection
EndGlobal
