
Microsoft Visual Studio Solution File, Format Version 12.00
# Visual Studio Version 17
VisualStudioVersion = 17.14.36408.4 d17.14
MinimumVisualStudioVersion = 10.0.40219.1
Project("{FAE04EC0-301F-11D3-BF4B-00C04F79EFBC}") = "Acadv25JArch", "Acadv25JArch\Acadv25JArch.csproj", "{BBC2A2B0-933E-46B6-AEF0-8DB9A44A0D24}"
EndProject
Global
	GlobalSection(SolutionConfigurationPlatforms) = preSolution
		Debug|Any CPU = Debug|Any CPU
		Release|Any CPU = Release|Any CPU
	EndGlobalSection
	GlobalSection(ProjectConfigurationPlatforms) = postSolution
		{BBC2A2B0-933E-46B6-AEF0-8DB9A44A0D24}.Debug|Any CPU.ActiveCfg = Debug|Any CPU
		{BBC2A2B0-933E-46B6-AEF0-8DB9A44A0D24}.Debug|Any CPU.Build.0 = Debug|Any CPU
		{BBC2A2B0-933E-46B6-AEF0-8DB9A44A0D24}.Release|Any CPU.ActiveCfg = Release|Any CPU
		{BBC2A2B0-933E-46B6-AEF0-8DB9A44A0D24}.Release|Any CPU.Build.0 = Release|Any CPU
	EndGlobalSection
	GlobalSection(SolutionProperties) = preSolution
		HideSolutionNode = FALSE
	EndGlobalSection
	GlobalSection(ExtensibilityGlobals) = postSolution
		SolutionGuid = {38ED80CC-F18E-4950-9E56-D769C8C00D03}
	EndGlobalSection
EndGlobal
