
Microsoft Visual Studio Solution File, Format Version 12.00
# Visual Studio Version 17
VisualStudioVersion = 17.14.37301.10 d17.14
MinimumVisualStudioVersion = 10.0.40219.1
Project("{FAE04EC0-301F-11D3-BF4B-00C04F79EFBC}") = "DuctSizing", "DuctSizing.csproj", "{95BF0249-2EAB-FE69-D9E2-8109541D54E3}"
EndProject
Project("{FAE04EC0-301F-11D3-BF4B-00C04F79EFBC}") = "DuctSizing.Core", "..\DuctSizing.Core\DuctSizing.Core.csproj", "{98BFF2B4-CBF5-8533-96FE-9F3E67B34A77}"
EndProject
Global
	GlobalSection(SolutionConfigurationPlatforms) = preSolution
		Debug|Any CPU = Debug|Any CPU
		Release|Any CPU = Release|Any CPU
	EndGlobalSection
	GlobalSection(ProjectConfigurationPlatforms) = postSolution
		{95BF0249-2EAB-FE69-D9E2-8109541D54E3}.Debug|Any CPU.ActiveCfg = Debug|Any CPU
		{95BF0249-2EAB-FE69-D9E2-8109541D54E3}.Debug|Any CPU.Build.0 = Debug|Any CPU
		{95BF0249-2EAB-FE69-D9E2-8109541D54E3}.Release|Any CPU.ActiveCfg = Release|Any CPU
		{95BF0249-2EAB-FE69-D9E2-8109541D54E3}.Release|Any CPU.Build.0 = Release|Any CPU
		{98BFF2B4-CBF5-8533-96FE-9F3E67B34A77}.Debug|Any CPU.ActiveCfg = Debug|Any CPU
		{98BFF2B4-CBF5-8533-96FE-9F3E67B34A77}.Debug|Any CPU.Build.0 = Debug|Any CPU
		{98BFF2B4-CBF5-8533-96FE-9F3E67B34A77}.Release|Any CPU.ActiveCfg = Release|Any CPU
		{98BFF2B4-CBF5-8533-96FE-9F3E67B34A77}.Release|Any CPU.Build.0 = Release|Any CPU
	EndGlobalSection
	GlobalSection(SolutionProperties) = preSolution
		HideSolutionNode = FALSE
	EndGlobalSection
	GlobalSection(ExtensibilityGlobals) = postSolution
		SolutionGuid = {C0A9A923-66B8-41CD-BE76-56AFBD4A99C0}
	EndGlobalSection
EndGlobal
